Microsoft Visual Studio Solution File, Format Version 12.00
# Visual Studio Version 17
VisualStudioVersion = 17.5.2.0
MinimumVisualStudioVersion = 10.0.40219.1
Project("{FAE04EC0-301F-11D3-BF4B-00C04F79EFBC}") = "TopDownBulletHell", "TopDownBulletHell\TopDownBulletHell.csproj", "{9713F329-B8F0-F946-BA04-05E40ED1F9F2}"
EndProject
Global
	GlobalSection(SolutionConfigurationPlatforms) = preSolution
		Debug|Any CPU = Debug|Any CPU
		Release|Any CPU = Release|Any CPU
	EndGlobalSection
	GlobalSection(ProjectConfigurationPlatforms) = postSolution
		{9713F329-B8F0-F946-BA04-05E40ED1F9F2}.Debug|Any CPU.ActiveCfg = Debug|Any CPU
		{9713F329-B8F0-F946-BA04-05E40ED1F9F2}.Debug|Any CPU.Build.0 = Debug|Any CPU
		{9713F329-B8F0-F946-BA04-05E40ED1F9F2}.Release|Any CPU.ActiveCfg = Release|Any CPU
		{9713F329-B8F0-F946-BA04-05E40ED1F9F2}.Release|Any CPU.Build.0 = Release|Any CPU
	EndGlobalSection
	GlobalSection(SolutionProperties) = preSolution
		HideSolutionNode = FALSE
	EndGlobalSection
	GlobalSection(ExtensibilityGlobals) = postSolution
		SolutionGuid = {A8A255AF-D6DB-44F9-B7D5-85A64493A0B8}
	EndGlobalSection
EndGlobal
